// !$*UTF8*$!
{
	archiveVersion = 1;
	classes = {
	};
	objectVersion = 46;
	objects = {

/* Begin PBXBuildFile section */
		AA862FFA150746F200140CD9 /* Foundation.framework in Frameworks */ = {isa = PBXBuildFile; fileRef = AA862FF9150746F200140CD9 /* Foundation.framework */; };
		AA862FFC150746F200140CD9 /* UIKit.framework in Frameworks */ = {isa = PBXBuildFile; fileRef = AA862FFB150746F200140CD9 /* UIKit.framework */; };
		AA862FFE150746F200140CD9 /* CoreGraphics.framework in Frameworks */ = {isa = PBXBuildFile; fileRef = AA862FFD150746F200140CD9 /* CoreGraphics.framework */; };
		AA863000150746F200140CD9 /* AddressBook.framework in Frameworks */ = {isa = PBXBuildFile; fileRef = AA862FFF150746F200140CD9 /* AddressBook.framework */; };
		AA863002150746F200140CD9 /* AddressBookUI.framework in Frameworks */ = {isa = PBXBuildFile; fileRef = AA863001150746F200140CD9 /* AddressBookUI.framework */; };
		AA863004150746F200140CD9 /* AudioToolbox.framework in Frameworks */ = {isa = PBXBuildFile; fileRef = AA863003150746F200140CD9 /* AudioToolbox.framework */; };
		AA863006150746F200140CD9 /* AVFoundation.framework in Frameworks */ = {isa = PBXBuildFile; fileRef = AA863005150746F200140CD9 /* AVFoundation.framework */; };
		AA863008150746F200140CD9 /* CoreLocation.framework in Frameworks */ = {isa = PBXBuildFile; fileRef = AA863007150746F200140CD9 /* CoreLocation.framework */; };
		AA86300A150746F200140CD9 /* MediaPlayer.framework in Frameworks */ = {isa = PBXBuildFile; fileRef = AA863009150746F200140CD9 /* MediaPlayer.framework */; };
		AA86300C150746F200140CD9 /* QuartzCore.framework in Frameworks */ = {isa = PBXBuildFile; fileRef = AA86300B150746F200140CD9 /* QuartzCore.framework */; };
		AA86300E150746F200140CD9 /* SystemConfiguration.framework in Frameworks */ = {isa = PBXBuildFile; fileRef = AA86300D150746F200140CD9 /* SystemConfiguration.framework */; };
		AA863010150746F200140CD9 /* MobileCoreServices.framework in Frameworks */ = {isa = PBXBuildFile; fileRef = AA86300F150746F200140CD9 /* MobileCoreServices.framework */; };
		AA863012150746F200140CD9 /* CoreMedia.framework in Frameworks */ = {isa = PBXBuildFile; fileRef = AA863011150746F200140CD9 /* CoreMedia.framework */; };
		AA863018150746F200140CD9 /* InfoPlist.strings in Resources */ = {isa = PBXBuildFile; fileRef = AA863016150746F200140CD9 /* InfoPlist.strings */; };
		AA86301A150746F200140CD9 /* main.m in Sources */ = {isa = PBXBuildFile; fileRef = AA863019150746F200140CD9 /* main.m */; };
		AA86301D150746F200140CD9 /* PhoneGap.framework in Frameworks */ = {isa = PBXBuildFile; fileRef = AA86301C150746F200140CD9 /* PhoneGap.framework */; };
		AA863022150746F200140CD9 /* Localizable.strings in Resources */ = {isa = PBXBuildFile; fileRef = AA863020150746F200140CD9 /* Localizable.strings */; };
		AA863026150746F200140CD9 /* Localizable.strings in Resources */ = {isa = PBXBuildFile; fileRef = AA863024150746F200140CD9 /* Localizable.strings */; };
		AA863029150746F200140CD9 /* icon.png in Resources */ = {isa = PBXBuildFile; fileRef = AA863028150746F200140CD9 /* icon.png */; };
		AA86302B150746F200140CD9 /* icon@2x.png in Resources */ = {isa = PBXBuildFile; fileRef = AA86302A150746F200140CD9 /* icon@2x.png */; };
		AA86302D150746F200140CD9 /* icon-72.png in Resources */ = {isa = PBXBuildFile; fileRef = AA86302C150746F200140CD9 /* icon-72.png */; };
		AA863030150746F200140CD9 /* Default.png in Resources */ = {isa = PBXBuildFile; fileRef = AA86302F150746F200140CD9 /* Default.png */; };
		AA863032150746F200140CD9 /* Default@2x.png in Resources */ = {isa = PBXBuildFile; fileRef = AA863031150746F200140CD9 /* Default@2x.png */; };
		AA863034150746F200140CD9 /* Capture.bundle in Resources */ = {isa = PBXBuildFile; fileRef = AA863033150746F200140CD9 /* Capture.bundle */; };
		AA863036150746F200140CD9 /* PhoneGap.plist in Resources */ = {isa = PBXBuildFile; fileRef = AA863035150746F200140CD9 /* PhoneGap.plist */; };
		AA86303A150746F300140CD9 /* AppDelegate.m in Sources */ = {isa = PBXBuildFile; fileRef = AA863039150746F300140CD9 /* AppDelegate.m */; };
		AA8630541507482600140CD9 /* PhoneKal.m in Sources */ = {isa = PBXBuildFile; fileRef = AA8630531507482600140CD9 /* PhoneKal.m */; };
		AA8630561507489000140CD9 /* Kal.bundle in Resources */ = {isa = PBXBuildFile; fileRef = AA8630551507489000140CD9 /* Kal.bundle */; };
		AA863057150748EA00140CD9 /* libKal.a in Frameworks */ = {isa = PBXBuildFile; fileRef = AA8630511507479900140CD9 /* libKal.a */; };
		AA8630921507572400140CD9 /* www in Resources */ = {isa = PBXBuildFile; fileRef = AA8630911507572400140CD9 /* www */; };
		AA86314C1507D40C00140CD9 /* EventKit.framework in Frameworks */ = {isa = PBXBuildFile; fileRef = AA86314B1507D40C00140CD9 /* EventKit.framework */; };
		AA86314E1507D56A00140CD9 /* EventKitUI.framework in Frameworks */ = {isa = PBXBuildFile; fileRef = AA86314D1507D56A00140CD9 /* EventKitUI.framework */; };
		AA8631591508500700140CD9 /* README.md in Resources */ = {isa = PBXBuildFile; fileRef = AA8631581508500600140CD9 /* README.md */; };
/* End PBXBuildFile section */

/* Begin PBXContainerItemProxy section */
		AA8630501507479900140CD9 /* PBXContainerItemProxy */ = {
			isa = PBXContainerItemProxy;
			containerPortal = AA8630491507479800140CD9 /* Kal.xcodeproj */;
			proxyType = 2;
			remoteGlobalIDString = D2AAC07E0554694100DB518D;
			remoteInfo = Kal;
		};
		AA863094150793D600140CD9 /* PBXContainerItemProxy */ = {
			isa = PBXContainerItemProxy;
			containerPortal = AA8630491507479800140CD9 /* Kal.xcodeproj */;
			proxyType = 1;
			remoteGlobalIDString = D2AAC07D0554694100DB518D;
			remoteInfo = Kal;
		};
/* End PBXContainerItemProxy section */

/* Begin PBXFileReference section */
		AA862FF5150746F200140CD9 /* PhoneKal.app */ = {isa = PBXFileReference; explicitFileType = wrapper.application; includeInIndex = 0; path = PhoneKal.app; sourceTree = BUILT_PRODUCTS_DIR; };
		AA862FF9150746F200140CD9 /* Foundation.framework */ = {isa = PBXFileReference; lastKnownFileType = wrapper.framework; name = Foundation.framework; path = System/Library/Frameworks/Foundation.framework; sourceTree = SDKROOT; };
		AA862FFB150746F200140CD9 /* UIKit.framework */ = {isa = PBXFileReference; lastKnownFileType = wrapper.framework; name = UIKit.framework; path = System/Library/Frameworks/UIKit.framework; sourceTree = SDKROOT; };
		AA862FFD150746F200140CD9 /* CoreGraphics.framework */ = {isa = PBXFileReference; lastKnownFileType = wrapper.framework; name = CoreGraphics.framework; path = System/Library/Frameworks/CoreGraphics.framework; sourceTree = SDKROOT; };
		AA862FFF150746F200140CD9 /* AddressBook.framework */ = {isa = PBXFileReference; lastKnownFileType = wrapper.framework; name = AddressBook.framework; path = System/Library/Frameworks/AddressBook.framework; sourceTree = SDKROOT; };
		AA863001150746F200140CD9 /* AddressBookUI.framework */ = {isa = PBXFileReference; lastKnownFileType = wrapper.framework; name = AddressBookUI.framework; path = System/Library/Frameworks/AddressBookUI.framework; sourceTree = SDKROOT; };
		AA863003150746F200140CD9 /* AudioToolbox.framework */ = {isa = PBXFileReference; lastKnownFileType = wrapper.framework; name = AudioToolbox.framework; path = System/Library/Frameworks/AudioToolbox.framework; sourceTree = SDKROOT; };
		AA863005150746F200140CD9 /* AVFoundation.framework */ = {isa = PBXFileReference; lastKnownFileType = wrapper.framework; name = AVFoundation.framework; path = System/Library/Frameworks/AVFoundation.framework; sourceTree = SDKROOT; };
		AA863007150746F200140CD9 /* CoreLocation.framework */ = {isa = PBXFileReference; lastKnownFileType = wrapper.framework; name = CoreLocation.framework; path = System/Library/Frameworks/CoreLocation.framework; sourceTree = SDKROOT; };
		AA863009150746F200140CD9 /* MediaPlayer.framework */ = {isa = PBXFileReference; lastKnownFileType = wrapper.framework; name = MediaPlayer.framework; path = System/Library/Frameworks/MediaPlayer.framework; sourceTree = SDKROOT; };
		AA86300B150746F200140CD9 /* QuartzCore.framework */ = {isa = PBXFileReference; lastKnownFileType = wrapper.framework; name = QuartzCore.framework; path = System/Library/Frameworks/QuartzCore.framework; sourceTree = SDKROOT; };
		AA86300D150746F200140CD9 /* SystemConfiguration.framework */ = {isa = PBXFileReference; lastKnownFileType = wrapper.framework; name = SystemConfiguration.framework; path = System/Library/Frameworks/SystemConfiguration.framework; sourceTree = SDKROOT; };
		AA86300F150746F200140CD9 /* MobileCoreServices.framework */ = {isa = PBXFileReference; lastKnownFileType = wrapper.framework; name = MobileCoreServices.framework; path = System/Library/Frameworks/MobileCoreServices.framework; sourceTree = SDKROOT; };
		AA863011150746F200140CD9 /* CoreMedia.framework */ = {isa = PBXFileReference; lastKnownFileType = wrapper.framework; name = CoreMedia.framework; path = System/Library/Frameworks/CoreMedia.framework; sourceTree = SDKROOT; };
		AA863015150746F200140CD9 /* PhoneKal-Info.plist */ = {isa = PBXFileReference; lastKnownFileType = text.plist.xml; path = "PhoneKal-Info.plist"; sourceTree = "<group>"; };
		AA863017150746F200140CD9 /* en */ = {isa = PBXFileReference; lastKnownFileType = text.plist.strings; name = en; path = en.lproj/InfoPlist.strings; sourceTree = "<group>"; };
		AA863019150746F200140CD9 /* main.m */ = {isa = PBXFileReference; lastKnownFileType = sourcecode.c.objc; path = main.m; sourceTree = "<group>"; };
		AA86301B150746F200140CD9 /* PhoneKal-Prefix.pch */ = {isa = PBXFileReference; lastKnownFileType = sourcecode.c.h; path = "PhoneKal-Prefix.pch"; sourceTree = "<group>"; };
		AA86301C150746F200140CD9 /* PhoneGap.framework */ = {isa = PBXFileReference; lastKnownFileType = wrapper.framework; name = PhoneGap.framework; path = /Users/Shared/PhoneGap/Frameworks/PhoneGap.framework; sourceTree = "<absolute>"; };
		AA863021150746F200140CD9 /* en */ = {isa = PBXFileReference; lastKnownFileType = text.plist.strings; name = en; path = Resources/en.lproj/Localizable.strings; sourceTree = "<group>"; };
		AA863025150746F200140CD9 /* es */ = {isa = PBXFileReference; lastKnownFileType = text.plist.strings; name = es; path = Resources/es.lproj/Localizable.strings; sourceTree = "<group>"; };
		AA863028150746F200140CD9 /* icon.png */ = {isa = PBXFileReference; lastKnownFileType = image.png; name = icon.png; path = Resources/icons/icon.png; sourceTree = "<group>"; };
		AA86302A150746F200140CD9 /* icon@2x.png */ = {isa = PBXFileReference; lastKnownFileType = image.png; name = "icon@2x.png"; path = "Resources/icons/icon@2x.png"; sourceTree = "<group>"; };
		AA86302C150746F200140CD9 /* icon-72.png */ = {isa = PBXFileReference; lastKnownFileType = image.png; name = "icon-72.png"; path = "Resources/icons/icon-72.png"; sourceTree = "<group>"; };
		AA86302F150746F200140CD9 /* Default.png */ = {isa = PBXFileReference; lastKnownFileType = image.png; name = Default.png; path = Resources/splash/Default.png; sourceTree = "<group>"; };
		AA863031150746F200140CD9 /* Default@2x.png */ = {isa = PBXFileReference; lastKnownFileType = image.png; name = "Default@2x.png"; path = "Resources/splash/Default@2x.png"; sourceTree = "<group>"; };
		AA863033150746F200140CD9 /* Capture.bundle */ = {isa = PBXFileReference; lastKnownFileType = "wrapper.plug-in"; name = Capture.bundle; path = Resources/Capture.bundle; sourceTree = "<group>"; };
		AA863035150746F200140CD9 /* PhoneGap.plist */ = {isa = PBXFileReference; lastKnownFileType = text.plist.xml; path = PhoneGap.plist; sourceTree = "<group>"; };
		AA863038150746F200140CD9 /* AppDelegate.h */ = {isa = PBXFileReference; lastKnownFileType = sourcecode.c.h; name = AppDelegate.h; path = Classes/AppDelegate.h; sourceTree = "<group>"; };
		AA863039150746F300140CD9 /* AppDelegate.m */ = {isa = PBXFileReference; lastKnownFileType = sourcecode.c.objc; name = AppDelegate.m; path = Classes/AppDelegate.m; sourceTree = "<group>"; };
		AA86303C150746F300140CD9 /* README */ = {isa = PBXFileReference; lastKnownFileType = text; name = README; path = Plugins/README; sourceTree = "<group>"; };
		AA8630491507479800140CD9 /* Kal.xcodeproj */ = {isa = PBXFileReference; lastKnownFileType = "wrapper.pb-project"; name = Kal.xcodeproj; path = ../../Kal/src/Kal.xcodeproj; sourceTree = "<group>"; };
		AA8630521507482600140CD9 /* PhoneKal.h */ = {isa = PBXFileReference; fileEncoding = 4; lastKnownFileType = sourcecode.c.h; path = PhoneKal.h; sourceTree = "<group>"; };
		AA8630531507482600140CD9 /* PhoneKal.m */ = {isa = PBXFileReference; fileEncoding = 4; lastKnownFileType = sourcecode.c.objc; path = PhoneKal.m; sourceTree = "<group>"; };
		AA8630551507489000140CD9 /* Kal.bundle */ = {isa = PBXFileReference; lastKnownFileType = "wrapper.plug-in"; name = Kal.bundle; path = ../../Kal/src/Kal.bundle; sourceTree = "<group>"; };
		AA8630911507572400140CD9 /* www */ = {isa = PBXFileReference; lastKnownFileType = folder; path = www; sourceTree = "<group>"; };
		AA86314B1507D40C00140CD9 /* EventKit.framework */ = {isa = PBXFileReference; lastKnownFileType = wrapper.framework; name = EventKit.framework; path = System/Library/Frameworks/EventKit.framework; sourceTree = SDKROOT; };
		AA86314D1507D56A00140CD9 /* EventKitUI.framework */ = {isa = PBXFileReference; lastKnownFileType = wrapper.framework; name = EventKitUI.framework; path = System/Library/Frameworks/EventKitUI.framework; sourceTree = SDKROOT; };
		AA8631581508500600140CD9 /* README.md */ = {isa = PBXFileReference; fileEncoding = 4; lastKnownFileType = text; path = README.md; sourceTree = "<group>"; };
/* End PBXFileReference section */

/* Begin PBXFrameworksBuildPhase section */
		AA862FEF150746F200140CD9 /* Frameworks */ = {
			isa = PBXFrameworksBuildPhase;
			buildActionMask = 2147483647;
			files = (
				AA86314C1507D40C00140CD9 /* EventKit.framework in Frameworks */,
				AA86314E1507D56A00140CD9 /* EventKitUI.framework in Frameworks */,
				AA863057150748EA00140CD9 /* libKal.a in Frameworks */,
				AA862FFA150746F200140CD9 /* Foundation.framework in Frameworks */,
				AA862FFC150746F200140CD9 /* UIKit.framework in Frameworks */,
				AA862FFE150746F200140CD9 /* CoreGraphics.framework in Frameworks */,
				AA863000150746F200140CD9 /* AddressBook.framework in Frameworks */,
				AA863002150746F200140CD9 /* AddressBookUI.framework in Frameworks */,
				AA863004150746F200140CD9 /* AudioToolbox.framework in Frameworks */,
				AA863006150746F200140CD9 /* AVFoundation.framework in Frameworks */,
				AA863008150746F200140CD9 /* CoreLocation.framework in Frameworks */,
				AA86300A150746F200140CD9 /* MediaPlayer.framework in Frameworks */,
				AA86300C150746F200140CD9 /* QuartzCore.framework in Frameworks */,
				AA86300E150746F200140CD9 /* SystemConfiguration.framework in Frameworks */,
				AA863010150746F200140CD9 /* MobileCoreServices.framework in Frameworks */,
				AA863012150746F200140CD9 /* CoreMedia.framework in Frameworks */,
				AA86301D150746F200140CD9 /* PhoneGap.framework in Frameworks */,
			);
			runOnlyForDeploymentPostprocessing = 0;
		};
		AA862FF2150746F200140CD9 /* Frameworks */ = {
			isa = PBXFrameworksBuildPhase;
			buildActionMask = 2147483647;
			files = (
			);
			runOnlyForDeploymentPostprocessing = 0;
		};
/* End PBXFrameworksBuildPhase section */

/* Begin PBXGroup section */
		AA862FE7150746F200140CD9 = {
			isa = PBXGroup;
			children = (
				AA8631581508500600140CD9 /* README.md */,
				AA86314D1507D56A00140CD9 /* EventKitUI.framework */,
				AA86314B1507D40C00140CD9 /* EventKit.framework */,
				AA8630911507572400140CD9 /* www */,
				AA863013150746F200140CD9 /* PhoneKal */,
				AA862FF8150746F200140CD9 /* Frameworks */,
				AA862FF6150746F200140CD9 /* Products */,
			);
			sourceTree = "<group>";
		};
		AA862FF6150746F200140CD9 /* Products */ = {
			isa = PBXGroup;
			children = (
				AA862FF5150746F200140CD9 /* PhoneKal.app */,
			);
			name = Products;
			sourceTree = "<group>";
		};
		AA862FF8150746F200140CD9 /* Frameworks */ = {
			isa = PBXGroup;
			children = (
				AA862FF9150746F200140CD9 /* Foundation.framework */,
				AA862FFB150746F200140CD9 /* UIKit.framework */,
				AA862FFD150746F200140CD9 /* CoreGraphics.framework */,
				AA862FFF150746F200140CD9 /* AddressBook.framework */,
				AA863001150746F200140CD9 /* AddressBookUI.framework */,
				AA863003150746F200140CD9 /* AudioToolbox.framework */,
				AA863005150746F200140CD9 /* AVFoundation.framework */,
				AA863007150746F200140CD9 /* CoreLocation.framework */,
				AA863009150746F200140CD9 /* MediaPlayer.framework */,
				AA86300B150746F200140CD9 /* QuartzCore.framework */,
				AA86300D150746F200140CD9 /* SystemConfiguration.framework */,
				AA86300F150746F200140CD9 /* MobileCoreServices.framework */,
				AA863011150746F200140CD9 /* CoreMedia.framework */,
			);
			name = Frameworks;
			sourceTree = "<group>";
		};
		AA863013150746F200140CD9 /* PhoneKal */ = {
			isa = PBXGroup;
			children = (
				AA8630421507470500140CD9 /* Library */,
				AA86301C150746F200140CD9 /* PhoneGap.framework */,
				AA86301E150746F200140CD9 /* Resources */,
				AA863037150746F200140CD9 /* Classes */,
				AA86303B150746F300140CD9 /* Plugins */,
				AA863014150746F200140CD9 /* Supporting Files */,
			);
			path = PhoneKal;
			sourceTree = "<group>";
		};
		AA863014150746F200140CD9 /* Supporting Files */ = {
			isa = PBXGroup;
			children = (
				AA863015150746F200140CD9 /* PhoneKal-Info.plist */,
				AA863016150746F200140CD9 /* InfoPlist.strings */,
				AA863019150746F200140CD9 /* main.m */,
				AA86301B150746F200140CD9 /* PhoneKal-Prefix.pch */,
				AA863035150746F200140CD9 /* PhoneGap.plist */,
			);
			name = "Supporting Files";
			sourceTree = "<group>";
		};
		AA86301E150746F200140CD9 /* Resources */ = {
			isa = PBXGroup;
			children = (
				AA863033150746F200140CD9 /* Capture.bundle */,
				AA86301F150746F200140CD9 /* en.lproj */,
				AA863023150746F200140CD9 /* es.lproj */,
				AA863027150746F200140CD9 /* icons */,
				AA86302E150746F200140CD9 /* splash */,
			);
			name = Resources;
			sourceTree = "<group>";
		};
		AA86301F150746F200140CD9 /* en.lproj */ = {
			isa = PBXGroup;
			children = (
				AA863020150746F200140CD9 /* Localizable.strings */,
			);
			name = en.lproj;
			sourceTree = "<group>";
		};
		AA863023150746F200140CD9 /* es.lproj */ = {
			isa = PBXGroup;
			children = (
				AA863024150746F200140CD9 /* Localizable.strings */,
			);
			name = es.lproj;
			sourceTree = "<group>";
		};
		AA863027150746F200140CD9 /* icons */ = {
			isa = PBXGroup;
			children = (
				AA863028150746F200140CD9 /* icon.png */,
				AA86302A150746F200140CD9 /* icon@2x.png */,
				AA86302C150746F200140CD9 /* icon-72.png */,
			);
			name = icons;
			sourceTree = "<group>";
		};
		AA86302E150746F200140CD9 /* splash */ = {
			isa = PBXGroup;
			children = (
				AA86302F150746F200140CD9 /* Default.png */,
				AA863031150746F200140CD9 /* Default@2x.png */,
			);
			name = splash;
			sourceTree = "<group>";
		};
		AA863037150746F200140CD9 /* Classes */ = {
			isa = PBXGroup;
			children = (
				AA863038150746F200140CD9 /* AppDelegate.h */,
				AA863039150746F300140CD9 /* AppDelegate.m */,
			);
			name = Classes;
			sourceTree = "<group>";
		};
		AA86303B150746F300140CD9 /* Plugins */ = {
			isa = PBXGroup;
			children = (
				AA8630521507482600140CD9 /* PhoneKal.h */,
				AA8630531507482600140CD9 /* PhoneKal.m */,
				AA86303C150746F300140CD9 /* README */,
			);
			name = Plugins;
			sourceTree = "<group>";
		};
		AA8630421507470500140CD9 /* Library */ = {
			isa = PBXGroup;
			children = (
				AA8630551507489000140CD9 /* Kal.bundle */,
				AA8630491507479800140CD9 /* Kal.xcodeproj */,
			);
			name = Library;
			sourceTree = "<group>";
		};
		AA86304A1507479800140CD9 /* Products */ = {
			isa = PBXGroup;
			children = (
				AA8630511507479900140CD9 /* libKal.a */,
			);
			name = Products;
			sourceTree = "<group>";
		};
/* End PBXGroup section */

/* Begin PBXNativeTarget section */
		AA862FF4150746F200140CD9 /* PhoneKal */ = {
			isa = PBXNativeTarget;
			buildConfigurationList = AA86303F150746F300140CD9 /* Build configuration list for PBXNativeTarget "PhoneKal" */;
			buildPhases = (
				AA862FEE150746F200140CD9 /* Sources */,
				AA862FEF150746F200140CD9 /* Frameworks */,
				AA862FF0150746F200140CD9 /* Resources */,
				AA862FF1150746F200140CD9 /* Sources */,
				AA862FF2150746F200140CD9 /* Frameworks */,
				AA862FF3150746F200140CD9 /* ShellScript */,
			);
			buildRules = (
			);
			dependencies = (
				AA863095150793D600140CD9 /* PBXTargetDependency */,
			);
			name = PhoneKal;
			productName = PhoneKal;
			productReference = AA862FF5150746F200140CD9 /* PhoneKal.app */;
			productType = "com.apple.product-type.application";
		};
/* End PBXNativeTarget section */

/* Begin PBXProject section */
		AA862FE9150746F200140CD9 /* Project object */ = {
			isa = PBXProject;
			attributes = {
				LastUpgradeCheck = 0420;
			};
			buildConfigurationList = AA862FEC150746F200140CD9 /* Build configuration list for PBXProject "PhoneKal" */;
			compatibilityVersion = "Xcode 3.2";
			developmentRegion = English;
			hasScannedForEncodings = 0;
			knownRegions = (
				en,
				es,
			);
			mainGroup = AA862FE7150746F200140CD9;
			productRefGroup = AA862FF6150746F200140CD9 /* Products */;
			projectDirPath = "";
			projectReferences = (
				{
					ProductGroup = AA86304A1507479800140CD9 /* Products */;
					ProjectRef = AA8630491507479800140CD9 /* Kal.xcodeproj */;
				},
			);
			projectRoot = "";
			targets = (
				AA862FF4150746F200140CD9 /* PhoneKal */,
			);
		};
/* End PBXProject section */

/* Begin PBXReferenceProxy section */
		AA8630511507479900140CD9 /* libKal.a */ = {
			isa = PBXReferenceProxy;
			fileType = archive.ar;
			path = libKal.a;
			remoteRef = AA8630501507479900140CD9 /* PBXContainerItemProxy */;
			sourceTree = BUILT_PRODUCTS_DIR;
		};
/* End PBXReferenceProxy section */

/* Begin PBXResourcesBuildPhase section */
		AA862FF0150746F200140CD9 /* Resources */ = {
			isa = PBXResourcesBuildPhase;
			buildActionMask = 2147483647;
			files = (
				AA863018150746F200140CD9 /* InfoPlist.strings in Resources */,
				AA863022150746F200140CD9 /* Localizable.strings in Resources */,
				AA863026150746F200140CD9 /* Localizable.strings in Resources */,
				AA863029150746F200140CD9 /* icon.png in Resources */,
				AA86302B150746F200140CD9 /* icon@2x.png in Resources */,
				AA86302D150746F200140CD9 /* icon-72.png in Resources */,
				AA863030150746F200140CD9 /* Default.png in Resources */,
				AA863032150746F200140CD9 /* Default@2x.png in Resources */,
				AA863034150746F200140CD9 /* Capture.bundle in Resources */,
				AA863036150746F200140CD9 /* PhoneGap.plist in Resources */,
				AA8630561507489000140CD9 /* Kal.bundle in Resources */,
				AA8630921507572400140CD9 /* www in Resources */,
				AA8631591508500700140CD9 /* README.md in Resources */,
			);
			runOnlyForDeploymentPostprocessing = 0;
		};
/* End PBXResourcesBuildPhase section */

/* Begin PBXShellScriptBuildPhase section */
		AA862FF3150746F200140CD9 /* ShellScript */ = {
			isa = PBXShellScriptBuildPhase;
			buildActionMask = 2147483647;
			files = (
			);
			inputPaths = (
			);
			outputPaths = (
			);
			runOnlyForDeploymentPostprocessing = 0;
			shellPath = /bin/bash;
			shellScript = "\n\t\t\t\t\t\t\t\tif [ ! -d \"$PROJECT_DIR/www\" ] ; then\n\t\t\t\t\t\t\t\t\tcp -R /Users/Shared/PhoneGap/Frameworks/PhoneGap.framework/www \"$PROJECT_DIR\"\n\t\t\t\t\t\t\t\tfi\n\t\t\t\t\t\t\t\t# detect www folder reference in project, if missing, print warning\n\t\t\t\t\t\t\t\tgrep \"{isa = PBXFileReference; lastKnownFileType = folder; path = www; sourceTree = \\\"<group>\\\"; };\" \"$PROJECT_DIR/$PROJECT_NAME.xcodeproj/project.pbxproj\"\n\t\t\t\t\t\t\t\trc=$? \n\t\t\t\t\t\t\t\tif [ $rc != 0 ] ; then\n\t\t\t\t\t\t\t\techo -e \"warning: Missing - Add $PROJECT_DIR/www as a folder reference in your project. Just drag and drop the folder into your project, into the Project Navigator of Xcode 4. Make sure you select the second radio-button: 'Create folder references for any added folders' (which will create a blue folder)\" 1>&2\n\t\t\t\t\t\t\t\tfi\t\t\t\t\t\t\t";
		};
/* End PBXShellScriptBuildPhase section */

/* Begin PBXSourcesBuildPhase section */
		AA862FEE150746F200140CD9 /* Sources */ = {
			isa = PBXSourcesBuildPhase;
			buildActionMask = 2147483647;
			files = (
				AA86301A150746F200140CD9 /* main.m in Sources */,
				AA86303A150746F300140CD9 /* AppDelegate.m in Sources */,
				AA8630541507482600140CD9 /* PhoneKal.m in Sources */,
			);
			runOnlyForDeploymentPostprocessing = 0;
		};
		AA862FF1150746F200140CD9 /* Sources */ = {
			isa = PBXSourcesBuildPhase;
			buildActionMask = 2147483647;
			files = (
			);
			runOnlyForDeploymentPostprocessing = 0;
		};
/* End PBXSourcesBuildPhase section */

/* Begin PBXTargetDependency section */
		AA863095150793D600140CD9 /* PBXTargetDependency */ = {
			isa = PBXTargetDependency;
			name = Kal;
			targetProxy = AA863094150793D600140CD9 /* PBXContainerItemProxy */;
		};
/* End PBXTargetDependency section */

/* Begin PBXVariantGroup section */
		AA863016150746F200140CD9 /* InfoPlist.strings */ = {
			isa = PBXVariantGroup;
			children = (
				AA863017150746F200140CD9 /* en */,
			);
			name = InfoPlist.strings;
			sourceTree = "<group>";
		};
		AA863020150746F200140CD9 /* Localizable.strings */ = {
			isa = PBXVariantGroup;
			children = (
				AA863021150746F200140CD9 /* en */,
			);
			name = Localizable.strings;
			sourceTree = "<group>";
		};
		AA863024150746F200140CD9 /* Localizable.strings */ = {
			isa = PBXVariantGroup;
			children = (
				AA863025150746F200140CD9 /* es */,
			);
			name = Localizable.strings;
			sourceTree = "<group>";
		};
/* End PBXVariantGroup section */

/* Begin XCBuildConfiguration section */
		AA86303D150746F300140CD9 /* Debug */ = {
			isa = XCBuildConfiguration;
			buildSettings = {
				ALWAYS_SEARCH_USER_PATHS = NO;
				ARCHS = "$(ARCHS_STANDARD_32_BIT)";
				CLANG_ENABLE_OBJC_ARC = YES;
				"CODE_SIGN_IDENTITY[sdk=iphoneos*]" = "iPhone Developer";
				COPY_PHASE_STRIP = NO;
				GCC_C_LANGUAGE_STANDARD = gnu99;
				GCC_DYNAMIC_NO_PIC = NO;
				GCC_OPTIMIZATION_LEVEL = 0;
				GCC_PREPROCESSOR_DEFINITIONS = (
					"DEBUG=1",
					"$(inherited)",
				);
				GCC_SYMBOLS_PRIVATE_EXTERN = NO;
				GCC_VERSION = com.apple.compilers.llvmgcc42;
				GCC_WARN_ABOUT_MISSING_PROTOTYPES = YES;
				GCC_WARN_ABOUT_RETURN_TYPE = YES;
				GCC_WARN_UNUSED_VARIABLE = YES;
				IPHONEOS_DEPLOYMENT_TARGET = 3.0;
				SDKROOT = iphoneos;
			};
			name = Debug;
		};
		AA86303E150746F300140CD9 /* Release */ = {
			isa = XCBuildConfiguration;
			buildSettings = {
				ALWAYS_SEARCH_USER_PATHS = NO;
				ARCHS = "$(ARCHS_STANDARD_32_BIT)";
				CLANG_ENABLE_OBJC_ARC = YES;
				"CODE_SIGN_IDENTITY[sdk=iphoneos*]" = "iPhone Developer";
				COPY_PHASE_STRIP = YES;
				GCC_C_LANGUAGE_STANDARD = gnu99;
				GCC_VERSION = com.apple.compilers.llvmgcc42;
				GCC_WARN_ABOUT_MISSING_PROTOTYPES = YES;
				GCC_WARN_ABOUT_RETURN_TYPE = YES;
				GCC_WARN_UNUSED_VARIABLE = YES;
				IPHONEOS_DEPLOYMENT_TARGET = 3.0;
				SDKROOT = iphoneos;
				VALIDATE_PRODUCT = YES;
			};
			name = Release;
		};
		AA863040150746F300140CD9 /* Debug */ = {
			isa = XCBuildConfiguration;
			buildSettings = {
				ALWAYS_SEARCH_USER_PATHS = YES;
				CLANG_ENABLE_OBJC_ARC = YES;
				COPY_PHASE_STRIP = NO;
				FRAMEWORK_SEARCH_PATHS = /Users/Shared/PhoneGap/Frameworks;
				GCC_DYNAMIC_NO_PIC = NO;
				GCC_PRECOMPILE_PREFIX_HEADER = YES;
				GCC_PREFIX_HEADER = "PhoneKal/PhoneKal-Prefix.pch";
				GCC_PREPROCESSOR_DEFINITIONS = "PHONEGAP_FRAMEWORK=YES";
				GCC_VERSION = com.apple.compilers.llvm.clang.1_0;
				HEADER_SEARCH_PATHS = /Users/yann/Dev/Kal/src;
				INFOPLIST_FILE = "PhoneKal/PhoneKal-Info.plist";
				OTHER_LDFLAGS = (
					"-all_load",
					"-weak_framework",
					UIKit,
					"-weak_framework",
					AVFoundation,
					"-weak_framework",
					CoreMedia,
					"-weak_library",
					/usr/lib/libSystem.B.dylib,
				);
				PRODUCT_NAME = "$(TARGET_NAME)";
				TARGETED_DEVICE_FAMILY = "1,2";
				WRAPPER_EXTENSION = app;
			};
			name = Debug;
		};
		AA863041150746F300140CD9 /* Release */ = {
			isa = XCBuildConfiguration;
			buildSettings = {
				ALWAYS_SEARCH_USER_PATHS = YES;
				CLANG_ENABLE_OBJC_ARC = YES;
				COPY_PHASE_STRIP = YES;
				DEBUG_INFORMATION_FORMAT = "dwarf-with-dsym";
				FRAMEWORK_SEARCH_PATHS = /Users/Shared/PhoneGap/Frameworks;
				GCC_PRECOMPILE_PREFIX_HEADER = YES;
				GCC_PREFIX_HEADER = "PhoneKal/PhoneKal-Prefix.pch";
				GCC_PREPROCESSOR_DEFINITIONS = "PHONEGAP_FRAMEWORK=YES";
				GCC_VERSION = com.apple.compilers.llvm.clang.1_0;
				HEADER_SEARCH_PATHS = /Users/yann/Dev/Kal/src;
				INFOPLIST_FILE = "PhoneKal/PhoneKal-Info.plist";
				OTHER_LDFLAGS = (
					"-all_load",
					"-weak_framework",
					UIKit,
					"-weak_framework",
					AVFoundation,
					"-weak_framework",
					CoreMedia,
					"-weak_library",
					/usr/lib/libSystem.B.dylib,
				);
				PRODUCT_NAME = "$(TARGET_NAME)";
				TARGETED_DEVICE_FAMILY = "1,2";
				VALIDATE_PRODUCT = YES;
				WRAPPER_EXTENSION = app;
			};
			name = Release;
		};
/* End XCBuildConfiguration section */

/* Begin XCConfigurationList section */
		AA862FEC150746F200140CD9 /* Build configuration list for PBXProject "PhoneKal" */ = {
			isa = XCConfigurationList;
			buildConfigurations = (
				AA86303D150746F300140CD9 /* Debug */,
				AA86303E150746F300140CD9 /* Release */,
			);
			defaultConfigurationIsVisible = 0;
			defaultConfigurationName = Release;
		};
		AA86303F150746F300140CD9 /* Build configuration list for PBXNativeTarget "PhoneKal" */ = {
			isa = XCConfigurationList;
			buildConfigurations = (
				AA863040150746F300140CD9 /* Debug */,
				AA863041150746F300140CD9 /* Release */,
			);
			defaultConfigurationIsVisible = 0;
			defaultConfigurationName = Release;
		};
/* End XCConfigurationList section */
	};
	rootObject = AA862FE9150746F200140CD9 /* Project object */;
}
